dependencies:
- name: chap-db
  repository: file://../chap-db
  version: 0.1.0
- name: chap-valkey
  repository: file://../chap-valkey
  version: 0.1.0
- name: chap-api
  repository: file://../chap-api
  version: 0.1.0
- name: chap-worker
  repository: file://../chap-worker
  version: 0.1.0
digest: sha256:faf3693f519e73b0d70b0cb67d36e3731fabb5089c3fe1d304a8548a1324815e
generated: "2026-03-30T14:19:17.916391119+07:00"
